{
  "lockfileVersion": 1,
  "configVersion": 1,
  "workspaces": {
    "": {
      "name": "daf-lws",
      "dependencies": {
        "@studio-freight/lenis": "^1.0.42",
        "framer-motion": "^12.42.2",
        "gsap": "^3.13.0",
        "next": "16.0.4",
        "react": "^19.0.0",
        "react-dom": "^19.0.0",
      },
      "devDependencies": {
        "@tailwindcss/postcss": "4.1.0",
        "@types/node": "^22",
        "@types/react": "^19",
        "@types/react-dom": "^19",
        "postcss": "^8.4.49",
        "tailwindcss": "4.1.0",
        "typescript": "5.6",
      },
    },
  },
  "packages": {
    "@alloc/quick-lru": ["@alloc/quick-lru@5.2.0", "", {}, "sha512-UrcABB+4bUrFABwbluTIBErXwvbsU/V7TZWfmbgJfbkwiBuziS9gxdODUyuiecfdGQ85jglMW6juS3+z5TsKLw=="],

    "@emnapi/runtime": ["@emnapi/runtime@1.11.2", "", { "dependencies": { "tslib": "^2.4.0" } }, "sha512-kyOl3X0DuTiT1h2ft8r2fYO8JYtU9a9Xis/zBSiGArNaagCOWx90N1k2wxp18czFDH+OgcWGb5ZP/XMt3dcyPA=="],

    "@img/colour": ["@img/colour@1.1.0", "", {}, "sha512-Td76q7j57o/tLVdgS746cYARfSyxk8iEfRxewL9h4OMzYhbW4TAcppl0mT4eyqXddh6L/jwoM75mo7ixa/pCeQ=="],

    "@img/sharp-darwin-arm64": ["@img/sharp-darwin-arm64@0.34.5", "", { "optionalDependencies": { "@img/sharp-libvips-darwin-arm64": "1.2.4" }, "os": "darwin", "cpu": "arm64" }, "sha512-imtQ3WMJXbMY4fxb/Ndp6HBTNVtWCUI0WdobyheGf5+ad6xX8VIDO8u2xE4qc/fr08CKG/7dDseFtn6M6g/r3w=="],

    "@img/sharp-darwin-x64": ["@img/sharp-darwin-x64@0.34.5", "", { "optionalDependencies": { "@img/sharp-libvips-darwin-x64": "1.2.4" }, "os": "darwin", "cpu": "x64" }, "sha512-YNEFAF/4KQ/PeW0N+r+aVVsoIY0/qxxikF2SWdp+NRkmMB7y9LBZAVqQ4yhGCm/H3H270OSykqmQMKLBhBJDEw=="],

    "@img/sharp-libvips-darwin-arm64": ["@img/sharp-libvips-darwin-arm64@1.2.4", "", { "os": "darwin", "cpu": "arm64" }, "sha512-zqjjo7RatFfFoP0MkQ51jfuFZBnVE2pRiaydKJ1G/rHZvnsrHAOcQALIi9sA5co5xenQdTugCvtb1cuf78Vf4g=="],

    "@img/sharp-libvips-darwin-x64": ["@img/sharp-libvips-darwin-x64@1.2.4", "", { "os": "darwin", "cpu": "x64" }, "sha512-1IOd5xfVhlGwX+zXv2N93k0yMONvUlANylbJw1eTah8K/Jtpi15KC+WSiaX/nBmbm2HxRM1gZ0nSdjSsrZbGKg=="],

    "@img/sharp-libvips-linux-arm": ["@img/sharp-libvips-linux-arm@1.2.4", "", { "os": "linux", "cpu": "arm" }, "sha512-bFI7xcKFELdiNCVov8e44Ia4u2byA+l3XtsAj+Q8tfCwO6BQ8iDojYdvoPMqsKDkuoOo+X6HZA0s0q11ANMQ8A=="],

    "@img/sharp-libvips-linux-arm64": ["@img/sharp-libvips-linux-arm64@1.2.4", "", { "os": "linux", "cpu": "arm64" }, "sha512-excjX8DfsIcJ10x1Kzr4RcWe1edC9PquDRRPx3YVCvQv+U5p7Yin2s32ftzikXojb1PIFc/9Mt28/y+iRklkrw=="],

    "@img/sharp-libvips-linux-ppc64": ["@img/sharp-libvips-linux-ppc64@1.2.4", "", { "os": "linux", "cpu": "ppc64" }, "sha512-FMuvGijLDYG6lW+b/UvyilUWu5Ayu+3r2d1S8notiGCIyYU/76eig1UfMmkZ7vwgOrzKzlQbFSuQfgm7GYUPpA=="],

    "@img/sharp-libvips-linux-riscv64": ["@img/sharp-libvips-linux-riscv64@1.2.4", "", { "os": "linux", "cpu": "none" }, "sha512-oVDbcR4zUC0ce82teubSm+x6ETixtKZBh/qbREIOcI3cULzDyb18Sr/Wcyx7NRQeQzOiHTNbZFF1UwPS2scyGA=="],

    "@img/sharp-libvips-linux-s390x": ["@img/sharp-libvips-linux-s390x@1.2.4", "", { "os": "linux", "cpu": "s390x" }, "sha512-qmp9VrzgPgMoGZyPvrQHqk02uyjA0/QrTO26Tqk6l4ZV0MPWIW6LTkqOIov+J1yEu7MbFQaDpwdwJKhbJvuRxQ=="],

    "@img/sharp-libvips-linux-x64": ["@img/sharp-libvips-linux-x64@1.2.4", "", { "os": "linux", "cpu": "x64" }, "sha512-tJxiiLsmHc9Ax1bz3oaOYBURTXGIRDODBqhveVHonrHJ9/+k89qbLl0bcJns+e4t4rvaNBxaEZsFtSfAdquPrw=="],

    "@img/sharp-libvips-linuxmusl-arm64": ["@img/sharp-libvips-linuxmusl-arm64@1.2.4", "", { "os": "linux", "cpu": "arm64" }, "sha512-FVQHuwx1IIuNow9QAbYUzJ+En8KcVm9Lk5+uGUQJHaZmMECZmOlix9HnH7n1TRkXMS0pGxIJokIVB9SuqZGGXw=="],

    "@img/sharp-libvips-linuxmusl-x64": ["@img/sharp-libvips-linuxmusl-x64@1.2.4", "", { "os": "linux", "cpu": "x64" }, "sha512-+LpyBk7L44ZIXwz/VYfglaX/okxezESc6UxDSoyo2Ks6Jxc4Y7sGjpgU9s4PMgqgjj1gZCylTieNamqA1MF7Dg=="],

    "@img/sharp-linux-arm": ["@img/sharp-linux-arm@0.34.5", "", { "optionalDependencies": { "@img/sharp-libvips-linux-arm": "1.2.4" }, "os": "linux", "cpu": "arm" }, "sha512-9dLqsvwtg1uuXBGZKsxem9595+ujv0sJ6Vi8wcTANSFpwV/GONat5eCkzQo/1O6zRIkh0m/8+5BjrRr7jDUSZw=="],

    "@img/sharp-linux-arm64": ["@img/sharp-linux-arm64@0.34.5", "", { "optionalDependencies": { "@img/sharp-libvips-linux-arm64": "1.2.4" }, "os": "linux", "cpu": "arm64" }, "sha512-bKQzaJRY/bkPOXyKx5EVup7qkaojECG6NLYswgktOZjaXecSAeCWiZwwiFf3/Y+O1HrauiE3FVsGxFg8c24rZg=="],

    "@img/sharp-linux-ppc64": ["@img/sharp-linux-ppc64@0.34.5", "", { "optionalDependencies": { "@img/sharp-libvips-linux-ppc64": "1.2.4" }, "os": "linux", "cpu": "ppc64" }, "sha512-7zznwNaqW6YtsfrGGDA6BRkISKAAE1Jo0QdpNYXNMHu2+0dTrPflTLNkpc8l7MUP5M16ZJcUvysVWWrMefZquA=="],

    "@img/sharp-linux-riscv64": ["@img/sharp-linux-riscv64@0.34.5", "", { "optionalDependencies": { "@img/sharp-libvips-linux-riscv64": "1.2.4" }, "os": "linux", "cpu": "none" }, "sha512-51gJuLPTKa7piYPaVs8GmByo7/U7/7TZOq+cnXJIHZKavIRHAP77e3N2HEl3dgiqdD/w0yUfiJnII77PuDDFdw=="],

    "@img/sharp-linux-s390x": ["@img/sharp-linux-s390x@0.34.5", "", { "optionalDependencies": { "@img/sharp-libvips-linux-s390x": "1.2.4" }, "os": "linux", "cpu": "s390x" }, "sha512-nQtCk0PdKfho3eC5MrbQoigJ2gd1CgddUMkabUj+rBevs8tZ2cULOx46E7oyX+04WGfABgIwmMC0VqieTiR4jg=="],

    "@img/sharp-linux-x64": ["@img/sharp-linux-x64@0.34.5", "", { "optionalDependencies": { "@img/sharp-libvips-linux-x64": "1.2.4" }, "os": "linux", "cpu": "x64" }, "sha512-MEzd8HPKxVxVenwAa+JRPwEC7QFjoPWuS5NZnBt6B3pu7EG2Ge0id1oLHZpPJdn3OQK+BQDiw9zStiHBTJQQQQ=="],

    "@img/sharp-linuxmusl-arm64": ["@img/sharp-linuxmusl-arm64@0.34.5", "", { "optionalDependencies": { "@img/sharp-libvips-linuxmusl-arm64": "1.2.4" }, "os": "linux", "cpu": "arm64" }, "sha512-fprJR6GtRsMt6Kyfq44IsChVZeGN97gTD331weR1ex1c1rypDEABN6Tm2xa1wE6lYb5DdEnk03NZPqA7Id21yg=="],

    "@img/sharp-linuxmusl-x64": ["@img/sharp-linuxmusl-x64@0.34.5", "", { "optionalDependencies": { "@img/sharp-libvips-linuxmusl-x64": "1.2.4" }, "os": "linux", "cpu": "x64" }, "sha512-Jg8wNT1MUzIvhBFxViqrEhWDGzqymo3sV7z7ZsaWbZNDLXRJZoRGrjulp60YYtV4wfY8VIKcWidjojlLcWrd8Q=="],

    "@img/sharp-wasm32": ["@img/sharp-wasm32@0.34.5", "", { "dependencies": { "@emnapi/runtime": "^1.7.0" }, "cpu": "none" }, "sha512-OdWTEiVkY2PHwqkbBI8frFxQQFekHaSSkUIJkwzclWZe64O1X4UlUjqqqLaPbUpMOQk6FBu/HtlGXNblIs0huw=="],

    "@img/sharp-win32-arm64": ["@img/sharp-win32-arm64@0.34.5", "", { "os": "win32", "cpu": "arm64" }, "sha512-WQ3AgWCWYSb2yt+IG8mnC6Jdk9Whs7O0gxphblsLvdhSpSTtmu69ZG1Gkb6NuvxsNACwiPV6cNSZNzt0KPsw7g=="],

    "@img/sharp-win32-ia32": ["@img/sharp-win32-ia32@0.34.5", "", { "os": "win32", "cpu": "ia32" }, "sha512-FV9m/7NmeCmSHDD5j4+4pNI8Cp3aW+JvLoXcTUo0IqyjSfAZJ8dIUmijx1qaJsIiU+Hosw6xM5KijAWRJCSgNg=="],

    "@img/sharp-win32-x64": ["@img/sharp-win32-x64@0.34.5", "", { "os": "win32", "cpu": "x64" }, "sha512-+29YMsqY2/9eFEiW93eqWnuLcWcufowXewwSNIT6UwZdUUCrM3oFjMWH/Z6/TMmb4hlFenmfAVbpWeup2jryCw=="],

    "@next/env": ["@next/env@16.0.4", "", {}, "sha512-FDPaVoB1kYhtOz6Le0Jn2QV7RZJ3Ngxzqri7YX4yu3Ini+l5lciR7nA9eNDpKTmDm7LWZtxSju+/CQnwRBn2pA=="],

    "@next/swc-darwin-arm64": ["@next/swc-darwin-arm64@16.0.4", "", { "os": "darwin", "cpu": "arm64" }, "sha512-TN0cfB4HT2YyEio9fLwZY33J+s+vMIgC84gQCOLZOYusW7ptgjIn8RwxQt0BUpoo9XRRVVWEHLld0uhyux1ZcA=="],

    "@next/swc-darwin-x64": ["@next/swc-darwin-x64@16.0.4", "", { "os": "darwin", "cpu": "x64" }, "sha512-XsfI23jvimCaA7e+9f3yMCoVjrny2D11G6H8NCcgv+Ina/TQhKPXB9P4q0WjTuEoyZmcNvPdrZ+XtTh3uPfH7Q=="],

    "@next/swc-linux-arm64-gnu": ["@next/swc-linux-arm64-gnu@16.0.4", "", { "os": "linux", "cpu": "arm64" }, "sha512-uo8X7qHDy4YdJUhaoJDMAbL8VT5Ed3lijip2DdBHIB4tfKAvB1XBih6INH2L4qIi4jA0Qq1J0ErxcOocBmUSwg=="],

    "@next/swc-linux-arm64-musl": ["@next/swc-linux-arm64-musl@16.0.4", "", { "os": "linux", "cpu": "arm64" }, "sha512-pvR/AjNIAxsIz0PCNcZYpH+WmNIKNLcL4XYEfo+ArDi7GsxKWFO5BvVBLXbhti8Coyv3DE983NsitzUsGH5yTw=="],

    "@next/swc-linux-x64-gnu": ["@next/swc-linux-x64-gnu@16.0.4", "", { "os": "linux", "cpu": "x64" }, "sha512-2hebpsd5MRRtgqmT7Jj/Wze+wG+ZEXUK2KFFL4IlZ0amEEFADo4ywsifJNeFTQGsamH3/aXkKWymDvgEi+pc2Q=="],

    "@next/swc-linux-x64-musl": ["@next/swc-linux-x64-musl@16.0.4", "", { "os": "linux", "cpu": "x64" }, "sha512-pzRXf0LZZ8zMljH78j8SeLncg9ifIOp3ugAFka+Bq8qMzw6hPXOc7wydY7ardIELlczzzreahyTpwsim/WL3Sg=="],

    "@next/swc-win32-arm64-msvc": ["@next/swc-win32-arm64-msvc@16.0.4", "", { "os": "win32", "cpu": "arm64" }, "sha512-7G/yJVzum52B5HOqqbQYX9bJHkN+c4YyZ2AIvEssMHQlbAWOn3iIJjD4sM6ihWsBxuljiTKJovEYlD1K8lCUHw=="],

    "@next/swc-win32-x64-msvc": ["@next/swc-win32-x64-msvc@16.0.4", "", { "os": "win32", "cpu": "x64" }, "sha512-0Vy4g8SSeVkuU89g2OFHqGKM4rxsQtihGfenjx2tRckPrge5+gtFnRWGAAwvGXr0ty3twQvcnYjEyOrLHJ4JWA=="],

    "@studio-freight/lenis": ["@studio-freight/lenis@1.0.42", "", {}, "sha512-HJAGf2DeM+BTvKzHv752z6Z7zy6bA643nZM7W88Ft9tnw2GsJSp6iJ+3cekjyMIWH+cloL2U9X82dKXgdU8kPg=="],

    "@swc/helpers": ["@swc/helpers@0.5.15", "", { "dependencies": { "tslib": "^2.8.0" } }, "sha512-JQ5TuMi45Owi4/BIMAJBoSQoOJu12oOk/gADqlcUL9JEdHB8vyjUSsxqeNXnmXHjYKMi2WcYtezGEEhqUI/E2g=="],

    "@tailwindcss/node": ["@tailwindcss/node@4.1.0", "", { "dependencies": { "enhanced-resolve": "^5.18.1", "jiti": "^2.4.2", "lightningcss": "1.29.2", "tailwindcss": "4.1.0" } }, "sha512-mfgxGxFaxbsUbaGwKIAQXUSm7Qoojw53FftpoKwo4ANwr9wnDaByz4vi1gMti/xfJvmQ5lzA1DvPiX5yCHtBkQ=="],

    "@tailwindcss/oxide": ["@tailwindcss/oxide@4.1.0", "", { "optionalDependencies": { "@tailwindcss/oxide-android-arm64": "4.1.0", "@tailwindcss/oxide-darwin-arm64": "4.1.0", "@tailwindcss/oxide-darwin-x64": "4.1.0", "@tailwindcss/oxide-freebsd-x64": "4.1.0", "@tailwindcss/oxide-linux-arm-gnueabihf": "4.1.0", "@tailwindcss/oxide-linux-arm64-gnu": "4.1.0", "@tailwindcss/oxide-linux-arm64-musl": "4.1.0", "@tailwindcss/oxide-linux-x64-gnu": "4.1.0", "@tailwindcss/oxide-linux-x64-musl": "4.1.0", "@tailwindcss/oxide-win32-arm64-msvc": "4.1.0", "@tailwindcss/oxide-win32-x64-msvc": "4.1.0" } }, "sha512-A33oyZKpPFH08d7xkl13Dc8OTsbPhsuls0z9gUCxIHvn8c1BsUACddQxL6HwaeJR1fSYyXZUw8bdWcD8bVawpQ=="],

    "@tailwindcss/oxide-android-arm64": ["@tailwindcss/oxide-android-arm64@4.1.0", "", { "os": "android", "cpu": "arm64" }, "sha512-UredFljuHey2Kh5qyYfQVBr0Xfq70ZE5Df6i5IubNYQGs2JXXT4VL0SIUjwzHx5W9T6t7dT7banunlV6lthGPQ=="],

    "@tailwindcss/oxide-darwin-arm64": ["@tailwindcss/oxide-darwin-arm64@4.1.0", "", { "os": "darwin", "cpu": "arm64" }, "sha512-QHQ/46lRVwH9zEBNiRk8AJ3Af4pMq6DuZAI//q323qrPOXjsRdrhLsH9LUO3mqBfHr5EZNUxN3Am5vpO89sntw=="],

    "@tailwindcss/oxide-darwin-x64": ["@tailwindcss/oxide-darwin-x64@4.1.0", "", { "os": "darwin", "cpu": "x64" }, "sha512-lEMgYHCvQQ6x2KOZ4FwnPprwfnc+UnjzwXRqEYIhB/NlYvXQD1QMf7oKEDRqy94DiZaYox9ZRfG2YJOBgM0UkA=="],

    "@tailwindcss/oxide-freebsd-x64": ["@tailwindcss/oxide-freebsd-x64@4.1.0", "", { "os": "freebsd", "cpu": "x64" }, "sha512-9fdImTc+2lA5yHqJ61oeTXfCtzylNOzJVFhyWwVQAJESJJbVCPnj6f+b+Zf/AYAdKQfS6FCThbPEahkQrDCgLQ=="],

    "@tailwindcss/oxide-linux-arm-gnueabihf": ["@tailwindcss/oxide-linux-arm-gnueabihf@4.1.0", "", { "os": "linux", "cpu": "arm" }, "sha512-HB0bTkUOuTLLSdadyRhKE9yps4/ZBjrojbHTPMSvvf/8yBLZRPpWb+A6IgW5R+2A2AL4KhVPgLwWfoXsErxJFg=="],

    "@tailwindcss/oxide-linux-arm64-gnu": ["@tailwindcss/oxide-linux-arm64-gnu@4.1.0", "", { "os": "linux", "cpu": "arm64" }, "sha512-+QtYCwvKLjC46h6RikKkpELJWrpiMMtgyK0aaqhwPLEx1icGgIhwz8dqrkAiqbFRE0KiRrE2aenhYoEkplyRmA=="],

    "@tailwindcss/oxide-linux-arm64-musl": ["@tailwindcss/oxide-linux-arm64-musl@4.1.0", "", { "os": "linux", "cpu": "arm64" }, "sha512-nApadFKM9GauzuPZPlt6TKfELavMHqJ0gVd+GYkYBTwr2t9KhgCAb2sKiFDDIhs1a7gOjsU7P1lEauv3iKFp+Q=="],

    "@tailwindcss/oxide-linux-x64-gnu": ["@tailwindcss/oxide-linux-x64-gnu@4.1.0", "", { "os": "linux", "cpu": "x64" }, "sha512-cp0Rf9Wit2kZHhrV8HIoDFD8dxU2+ZTCFCFbDj3a07pGyyPwLCJm5H5VipKXgYrBaLmlYu73ERidW0S5sdEXEg=="],

    "@tailwindcss/oxide-linux-x64-musl": ["@tailwindcss/oxide-linux-x64-musl@4.1.0", "", { "os": "linux", "cpu": "x64" }, "sha512-4/wf42XWBJGXsOS6BhgPhdQbg/qyfdZ1nZvTL9sJoxYN+Ah+cfY5Dd7R0smzI8hmgCRt3TD1lYb72ChTyIA59w=="],

    "@tailwindcss/oxide-win32-arm64-msvc": ["@tailwindcss/oxide-win32-arm64-msvc@4.1.0", "", { "os": "win32", "cpu": "arm64" }, "sha512-caXJJ0G6NwGbcoxEYdH3MZYN84C3PldaMdAEPMU6bjJXURQlKdSlQ/Ecis7/nSgBkMkicZyhqWmb36Tw/BFSIw=="],

    "@tailwindcss/oxide-win32-x64-msvc": ["@tailwindcss/oxide-win32-x64-msvc@4.1.0", "", { "os": "win32", "cpu": "x64" }, "sha512-ZHXRXRxB7HBmkUE8U13nmkGGYfR1I2vsuhiYjeDDUFIYpk1BL6caU8hvzkSlL/X5CAQNdIUUJRGom5I0ZyfJOA=="],

    "@tailwindcss/postcss": ["@tailwindcss/postcss@4.1.0", "", { "dependencies": { "@alloc/quick-lru": "^5.2.0", "@tailwindcss/node": "4.1.0", "@tailwindcss/oxide": "4.1.0", "postcss": "^8.4.41", "tailwindcss": "4.1.0" } }, "sha512-b2NWFAFfLXY7960jLY5QkKbuYKrQUULx60XU3BCzyaUQpU/7lLf3n2CiHibZPdBq5CIXrUp10wdxhV0EI0Js2g=="],

    "@types/node": ["@types/node@22.20.0", "", { "dependencies": { "undici-types": "~6.21.0" } }, "sha512-QWlFW2wf3nTjC13/DqRnBpR4ZO36VJH/JVBkA/vcnmbTBNQIlnObqyqZE1tUR7+Ni23Lda8R1BxMfbXRpCUx5g=="],

    "@types/react": ["@types/react@19.2.17", "", { "dependencies": { "csstype": "^3.2.2" } }, "sha512-MXfmqaVPEVgkBT/aY0aGCkRWWtByiYQXo3xdQ8r5RzuFrPiRn8Gar2tQdXSUQ2GKV3bkXckek89V8wQBY2Q/Aw=="],

    "@types/react-dom": ["@types/react-dom@19.2.3", "", { "peerDependencies": { "@types/react": "^19.2.0" } }, "sha512-jp2L/eY6fn+KgVVQAOqYItbF0VY/YApe5Mz2F0aykSO8gx31bYCZyvSeYxCHKvzHG5eZjc+zyaS5BrBWya2+kQ=="],

    "caniuse-lite": ["caniuse-lite@1.0.30001800", "", {}, "sha512-MMHtuAz9Ys840zAY5F4k6fV5GaivZ9sPk+nz0mY+GYVzRBnYkN0mpqkSR92oWRQ19yQWo4HvBV/FnC16AJX8MA=="],

    "client-only": ["client-only@0.0.1", "", {}, "sha512-IV3Ou0jSMzZrd3pZ48nLkT9DA7Ag1pnPzaiQhpW7c3RbcqqzvzzVu+L8gfqMp/8IM2MQtSiqaCxrrcfu8I8rMA=="],

    "csstype": ["csstype@3.2.3", "", {}, "sha512-z1HGKcYy2xA8AGQfwrn0PAy+PB7X/GSj3UVJW9qKyn43xWa+gl5nXmU4qqLMRzWVLFC8KusUX8T/0kCiOYpAIQ=="],

    "detect-libc": ["detect-libc@2.1.2", "", {}, "sha512-Btj2BOOO83o3WyH59e8MgXsxEQVcarkUOpEYrubB0urwnN10yQ364rsiByU11nZlqWYZm05i/of7io4mzihBtQ=="],

    "enhanced-resolve": ["enhanced-resolve@5.24.1", "", { "dependencies": { "graceful-fs": "^4.2.4", "tapable": "^2.3.3" } }, "sha512-7DdUaTjmNwMcH2gLr1qycesKII3BK4RLy/mdAb7x10Lq7bR4aNKHt1BR1ZALSv0rPM/hF5wYF0PhGop/rJm8vw=="],

    "framer-motion": ["framer-motion@12.42.2", "", { "dependencies": { "motion-dom": "^12.42.2", "motion-utils": "^12.39.0", "tslib": "^2.4.0" }, "peerDependencies": { "@emotion/is-prop-valid": "*", "react": "^18.0.0 || ^19.0.0", "react-dom": "^18.0.0 || ^19.0.0" }, "optionalPeers": ["@emotion/is-prop-valid", "react", "react-dom"] }, "sha512-5XY9luDiu0oHfHBjpDthFMh0ES+122w6p/papSJBweMkO8Sn+PW2QaEgRblQBpWFnuvZS5qvarpt/hO2pjGmnw=="],

    "graceful-fs": ["graceful-fs@4.2.11", "", {}, "sha512-RbJ5/jmFcNNCcDV5o9eTnBLJ/HszWV0P73bc+Ff4nS/rJj+YaS6IGyiOL0VoBYX+l1Wrl3k63h/KrH+nhJ0XvQ=="],

    "gsap": ["gsap@3.15.0", "", {}, "sha512-dMW4CWBTUK1AEEDeZc1g4xpPGIrSf9fJF960qbTZmN/QwZIWY5wgliS6JWl9/25fpTGJrMRtSjGtOmPnfjZB+A=="],

    "jiti": ["jiti@2.7.0", "", { "bin": { "jiti": "lib/jiti-cli.mjs" } }, "sha512-AC/7JofJvZGrrneWNaEnJeOLUx+JlGt7tNa0wZiRPT4MY1wmfKjt2+6O2p2uz2+skll8OZZmJMNqeke7kKbNgQ=="],

    "lightningcss": ["lightningcss@1.29.2", "", { "dependencies": { "detect-libc": "^2.0.3" }, "optionalDependencies": { "lightningcss-darwin-arm64": "1.29.2", "lightningcss-darwin-x64": "1.29.2", "lightningcss-freebsd-x64": "1.29.2", "lightningcss-linux-arm-gnueabihf": "1.29.2", "lightningcss-linux-arm64-gnu": "1.29.2", "lightningcss-linux-arm64-musl": "1.29.2", "lightningcss-linux-x64-gnu": "1.29.2", "lightningcss-linux-x64-musl": "1.29.2", "lightningcss-win32-arm64-msvc": "1.29.2", "lightningcss-win32-x64-msvc": "1.29.2" } }, "sha512-6b6gd/RUXKaw5keVdSEtqFVdzWnU5jMxTUjA2bVcMNPLwSQ08Sv/UodBVtETLCn7k4S1Ibxwh7k68IwLZPgKaA=="],

    "lightningcss-darwin-arm64": ["lightningcss-darwin-arm64@1.29.2", "", { "os": "darwin", "cpu": "arm64" }, "sha512-cK/eMabSViKn/PG8U/a7aCorpeKLMlK0bQeNHmdb7qUnBkNPnL+oV5DjJUo0kqWsJUapZsM4jCfYItbqBDvlcA=="],

    "lightningcss-darwin-x64": ["lightningcss-darwin-x64@1.29.2", "", { "os": "darwin", "cpu": "x64" }, "sha512-j5qYxamyQw4kDXX5hnnCKMf3mLlHvG44f24Qyi2965/Ycz829MYqjrVg2H8BidybHBp9kom4D7DR5VqCKDXS0w=="],

    "lightningcss-freebsd-x64": ["lightningcss-freebsd-x64@1.29.2", "", { "os": "freebsd", "cpu": "x64" }, "sha512-wDk7M2tM78Ii8ek9YjnY8MjV5f5JN2qNVO+/0BAGZRvXKtQrBC4/cn4ssQIpKIPP44YXw6gFdpUF+Ps+RGsCwg=="],

    "lightningcss-linux-arm-gnueabihf": ["lightningcss-linux-arm-gnueabihf@1.29.2", "", { "os": "linux", "cpu": "arm" }, "sha512-IRUrOrAF2Z+KExdExe3Rz7NSTuuJ2HvCGlMKoquK5pjvo2JY4Rybr+NrKnq0U0hZnx5AnGsuFHjGnNT14w26sg=="],

    "lightningcss-linux-arm64-gnu": ["lightningcss-linux-arm64-gnu@1.29.2", "", { "os": "linux", "cpu": "arm64" }, "sha512-KKCpOlmhdjvUTX/mBuaKemp0oeDIBBLFiU5Fnqxh1/DZ4JPZi4evEH7TKoSBFOSOV3J7iEmmBaw/8dpiUvRKlQ=="],

    "lightningcss-linux-arm64-musl": ["lightningcss-linux-arm64-musl@1.29.2", "", { "os": "linux", "cpu": "arm64" }, "sha512-Q64eM1bPlOOUgxFmoPUefqzY1yV3ctFPE6d/Vt7WzLW4rKTv7MyYNky+FWxRpLkNASTnKQUaiMJ87zNODIrrKQ=="],

    "lightningcss-linux-x64-gnu": ["lightningcss-linux-x64-gnu@1.29.2", "", { "os": "linux", "cpu": "x64" }, "sha512-0v6idDCPG6epLXtBH/RPkHvYx74CVziHo6TMYga8O2EiQApnUPZsbR9nFNrg2cgBzk1AYqEd95TlrsL7nYABQg=="],

    "lightningcss-linux-x64-musl": ["lightningcss-linux-x64-musl@1.29.2", "", { "os": "linux", "cpu": "x64" }, "sha512-rMpz2yawkgGT8RULc5S4WiZopVMOFWjiItBT7aSfDX4NQav6M44rhn5hjtkKzB+wMTRlLLqxkeYEtQ3dd9696w=="],

    "lightningcss-win32-arm64-msvc": ["lightningcss-win32-arm64-msvc@1.29.2", "", { "os": "win32", "cpu": "arm64" }, "sha512-nL7zRW6evGQqYVu/bKGK+zShyz8OVzsCotFgc7judbt6wnB2KbiKKJwBE4SGoDBQ1O94RjW4asrCjQL4i8Fhbw=="],

    "lightningcss-win32-x64-msvc": ["lightningcss-win32-x64-msvc@1.29.2", "", { "os": "win32", "cpu": "x64" }, "sha512-EdIUW3B2vLuHmv7urfzMI/h2fmlnOQBk1xlsDxkN1tCWKjNFjfLhGxYk8C8mzpSfr+A6jFFIi8fU6LbQGsRWjA=="],

    "motion-dom": ["motion-dom@12.42.2", "", { "dependencies": { "motion-utils": "^12.39.0" } }, "sha512-5gIMWLp/PycBtJRJWRgjxke5n8dlvkSn2DrYW+tr3XcqAZY1xZh6BJyooJXCM8wdfM7wfMjkBJNLge1CKPUIRA=="],

    "motion-utils": ["motion-utils@12.39.0", "", {}, "sha512-8nadJAJjTtqRkmRF36FoJTrywK9nnFmnPwnSMyxaOCU7GDjN9RTMJIxx9De8ErM+vpPhMccr/6fo5WciyQLnMQ=="],

    "nanoid": ["nanoid@3.3.15", "", { "bin": { "nanoid": "bin/nanoid.cjs" } }, "sha512-y7Wygv/7mEOvxTuEQDB8StXdMRBWf1kR/tlhAzBRUFkB2jfcLOAxO/SHmOO2zgz1pVgK29/kyupn059/bCHdjA=="],

    "next": ["next@16.0.4", "", { "dependencies": { "@next/env": "16.0.4", "@swc/helpers": "0.5.15", "caniuse-lite": "^1.0.30001579", "postcss": "8.4.31", "styled-jsx": "5.1.6" }, "optionalDependencies": { "@next/swc-darwin-arm64": "16.0.4", "@next/swc-darwin-x64": "16.0.4", "@next/swc-linux-arm64-gnu": "16.0.4", "@next/swc-linux-arm64-musl": "16.0.4", "@next/swc-linux-x64-gnu": "16.0.4", "@next/swc-linux-x64-musl": "16.0.4", "@next/swc-win32-arm64-msvc": "16.0.4", "@next/swc-win32-x64-msvc": "16.0.4", "sharp": "^0.34.4" }, "peerDependencies": { "@opentelemetry/api": "^1.1.0", "@playwright/test": "^1.51.1", "babel-plugin-react-compiler": "*", "react": "^18.2.0 || 19.0.0-rc-de68d2f4-20241204 || ^19.0.0", "react-dom": "^18.2.0 || 19.0.0-rc-de68d2f4-20241204 || ^19.0.0", "sass": "^1.3.0" }, "optionalPeers": ["@opentelemetry/api", "@playwright/test", "babel-plugin-react-compiler", "sass"], "bin": { "next": "dist/bin/next" } }, "sha512-vICcxKusY8qW7QFOzTvnRL1ejz2ClTqDKtm1AcUjm2mPv/lVAdgpGNsftsPRIDJOXOjRQO68i1dM8Lp8GZnqoA=="],

    "picocolors": ["picocolors@1.1.1", "", {}, "sha512-xceH2snhtb5M9liqDsmEw56le376mTZkEX/jEb/RxNFyegNul7eNslCXP9FDj/Lcu0X8KEyMceP2ntpaHrDEVA=="],

    "postcss": ["postcss@8.5.16", "", { "dependencies": { "nanoid": "^3.3.12", "picocolors": "^1.1.1", "source-map-js": "^1.2.1" } }, "sha512-vuwillviilfKZsg0VGj5R/YwwcHx4SLsIOI/7K6mQkWx+l5cUHTjj5g0AasTBcyXsbfTgrwsUNmVUb5xVwyPwg=="],

    "react": ["react@19.2.7", "", {}, "sha512-HNe9WslTbXmFK8o8cmwgAeJFSBvt1bPdHCVKtaaV+WlAN36mpT4hcRpwbf3fY56ar2oIXzsBpOAiIRHAdY0OlQ=="],

    "react-dom": ["react-dom@19.2.7", "", { "dependencies": { "scheduler": "^0.27.0" }, "peerDependencies": { "react": "^19.2.7" } }, "sha512-t0BRVXvbiE/o20Hfw669rLbMCDWtYZLvmJigy2f0MxsXF+71pxhR3xOkspmsO8h3ZlNzyibAmtCa3l4lYKk6gQ=="],

    "scheduler": ["scheduler@0.27.0", "", {}, "sha512-eNv+WrVbKu1f3vbYJT/xtiF5syA5HPIMtf9IgY/nKg0sWqzAUEvqY/xm7OcZc/qafLx/iO9FgOmeSAp4v5ti/Q=="],

    "semver": ["semver@7.8.5", "", { "bin": { "semver": "bin/semver.js" } }, "sha512-Y7/KDsb8LjooZpwaqGyulO6DQlksgCncchHGk+sZIY4SBvUocMBEFH5Ur1fI4dV+Jvl0w6cjvucaIi40puRioA=="],

    "sharp": ["sharp@0.34.5", "", { "dependencies": { "@img/colour": "^1.0.0", "detect-libc": "^2.1.2", "semver": "^7.7.3" }, "optionalDependencies": { "@img/sharp-darwin-arm64": "0.34.5", "@img/sharp-darwin-x64": "0.34.5", "@img/sharp-libvips-darwin-arm64": "1.2.4", "@img/sharp-libvips-darwin-x64": "1.2.4", "@img/sharp-libvips-linux-arm": "1.2.4", "@img/sharp-libvips-linux-arm64": "1.2.4", "@img/sharp-libvips-linux-ppc64": "1.2.4", "@img/sharp-libvips-linux-riscv64": "1.2.4", "@img/sharp-libvips-linux-s390x": "1.2.4", "@img/sharp-libvips-linux-x64": "1.2.4", "@img/sharp-libvips-linuxmusl-arm64": "1.2.4", "@img/sharp-libvips-linuxmusl-x64": "1.2.4", "@img/sharp-linux-arm": "0.34.5", "@img/sharp-linux-arm64": "0.34.5", "@img/sharp-linux-ppc64": "0.34.5", "@img/sharp-linux-riscv64": "0.34.5", "@img/sharp-linux-s390x": "0.34.5", "@img/sharp-linux-x64": "0.34.5", "@img/sharp-linuxmusl-arm64": "0.34.5", "@img/sharp-linuxmusl-x64": "0.34.5", "@img/sharp-wasm32": "0.34.5", "@img/sharp-win32-arm64": "0.34.5", "@img/sharp-win32-ia32": "0.34.5", "@img/sharp-win32-x64": "0.34.5" } }, "sha512-Ou9I5Ft9WNcCbXrU9cMgPBcCK8LiwLqcbywW3t4oDV37n1pzpuNLsYiAV8eODnjbtQlSDwZ2cUEeQz4E54Hltg=="],

    "source-map-js": ["source-map-js@1.2.1", "", {}, "sha512-UXWMKhLOwVKb728IUtQPXxfYU+usdybtUrK/8uGE8CQMvrhOpwvzDBwj0QhSL7MQc7vIsISBG8VQ8+IDQxpfQA=="],

    "styled-jsx": ["styled-jsx@5.1.6", "", { "dependencies": { "client-only": "0.0.1" }, "peerDependencies": { "@babel/core": "*", "babel-plugin-macros": "*", "react": ">= 16.8.0 || 17.x.x || ^18.0.0-0 || ^19.0.0-0" }, "optionalPeers": ["@babel/core", "babel-plugin-macros"] }, "sha512-qSVyDTeMotdvQYoHWLNGwRFJHC+i+ZvdBRYosOFgC+Wg1vx4frN2/RG/NA7SYqqvKNLf39P2LSRA2pu6n0XYZA=="],

    "tailwindcss": ["tailwindcss@4.1.0", "", {}, "sha512-vBYstoFnvUZCDxaauNGQQEvJNQgCd1vSMDRYuZZMH1xRRcTboOk1rJrW5yFkEabU9X6Yx1C4LQ+QvPOvQj4Daw=="],

    "tapable": ["tapable@2.3.3", "", {}, "sha512-uxc/zpqFg6x7C8vOE7lh6Lbda8eEL9zmVm/PLeTPBRhh1xCgdWaQ+J1CUieGpIfm2HdtsUpRv+HshiasBMcc6A=="],

    "tslib": ["tslib@2.8.1", "", {}, "sha512-oJFu94HQb+KVduSUQL7wnpmqnfmLsOA/nAh6b6EH0wCEoK0/mPeXU6c3wKDV83MkOuHPRHtSXKKU99IBazS/2w=="],

    "typescript": ["typescript@5.6.3", "", { "bin": { "tsc": "bin/tsc", "tsserver": "bin/tsserver" } }, "sha512-hjcS1mhfuyi4WW8IWtjP7brDrG2cuDZukyrYrSauoXGNgx0S7zceP07adYkJycEr56BOUTNPzbInooiN3fn1qw=="],

    "undici-types": ["undici-types@6.21.0", "", {}, "sha512-iwDZqg0QAGrg9Rav5H4n0M64c3mkR59cJ6wQp+7C4nI0gsmExaedaYLNO44eT4AtBBwjbTiGPMlt2Md0T9H9JQ=="],

    "next/postcss": ["postcss@8.4.31", "", { "dependencies": { "nanoid": "^3.3.6", "picocolors": "^1.0.0", "source-map-js": "^1.0.2" } }, "sha512-PS08Iboia9mts/2ygV3eLpY5ghnUcfLV/EXTOW1E2qYxJKGGBUtNjN76FYHnMs36RmARn41bC0AZmn+rR0OVpQ=="],
  }
}
